// !$*UTF8*$!
{
	archiveVersion = 1;
	classes = {
	};
	objectVersion = 60;
	objects = {

/* Begin PBXBuildFile section */
		A10000000000000000000001 /* LectureStreamApp.swift in Sources */ = {isa = PBXBuildFile; fileRef = A20000000000000000000001 /* LectureStreamApp.swift */; };
		A10000000000000000000002 /* Models.swift in Sources */ = {isa = PBXBuildFile; fileRef = A20000000000000000000002 /* Models.swift */; };
		A10000000000000000000003 /* APIClient.swift in Sources */ = {isa = PBXBuildFile; fileRef = A20000000000000000000003 /* APIClient.swift */; };
		A10000000000000000000004 /* WebRTCClient.swift in Sources */ = {isa = PBXBuildFile; fileRef = A20000000000000000000004 /* WebRTCClient.swift */; };
		A10000000000000000000005 /* RealtimeClient.swift in Sources */ = {isa = PBXBuildFile; fileRef = A20000000000000000000005 /* RealtimeClient.swift */; };
		A10000000000000000000006 /* LibraryViewModel.swift in Sources */ = {isa = PBXBuildFile; fileRef = A20000000000000000000006 /* LibraryViewModel.swift */; };
		A10000000000000000000007 /* LectureDetailViewModel.swift in Sources */ = {isa = PBXBuildFile; fileRef = A20000000000000000000007 /* LectureDetailViewModel.swift */; };
		A10000000000000000000008 /* PlayerViewModel.swift in Sources */ = {isa = PBXBuildFile; fileRef = A20000000000000000000008 /* PlayerViewModel.swift */; };
		A10000000000000000000009 /* LibraryView.swift in Sources */ = {isa = PBXBuildFile; fileRef = A20000000000000000000009 /* LibraryView.swift */; };
		A10000000000000000000010 /* LectureDetailView.swift in Sources */ = {isa = PBXBuildFile; fileRef = A20000000000000000000010 /* LectureDetailView.swift */; };
		A10000000000000000000011 /* PlayerView.swift in Sources */ = {isa = PBXBuildFile; fileRef = A20000000000000000000011 /* PlayerView.swift */; };
		A10000000000000000000012 /* SettingsView.swift in Sources */ = {isa = PBXBuildFile; fileRef = A20000000000000000000012 /* SettingsView.swift */; };
		A10000000000000000000013 /* SettingsStore.swift in Sources */ = {isa = PBXBuildFile; fileRef = A20000000000000000000013 /* SettingsStore.swift */; };
		A10000000000000000000014 /* AudioSessionManager.swift in Sources */ = {isa = PBXBuildFile; fileRef = A20000000000000000000014 /* AudioSessionManager.swift */; };
		A10000000000000000000015 /* InterruptCoordinator.swift in Sources */ = {isa = PBXBuildFile; fileRef = A20000000000000000000015 /* InterruptCoordinator.swift */; };
		A10000000000000000000016 /* InterruptLectureIntent.swift in Sources */ = {isa = PBXBuildFile; fileRef = A20000000000000000000016 /* InterruptLectureIntent.swift */; };
		A10000000000000000000017 /* Assets.xcassets in Resources */ = {isa = PBXBuildFile; fileRef = A20000000000000000000017 /* Assets.xcassets */; };
		DD93188E2F317DEF00C0B82D /* WebRTC.xcframework in Frameworks */ = {isa = PBXBuildFile; fileRef = DD93188C2F317DD900C0B82D /* WebRTC.xcframework */; };
		DD93188F2F317DEF00C0B82D /* WebRTC.xcframework in Embed Frameworks */ = {isa = PBXBuildFile; fileRef = DD93188C2F317DD900C0B82D /* WebRTC.xcframework */; settings = {ATTRIBUTES = (CodeSignOnCopy, RemoveHeadersOnCopy, ); }; };
/* End PBXBuildFile section */

/* Begin PBXCopyFilesBuildPhase section */
		DD9318902F317DEF00C0B82D /* Embed Frameworks */ = {
			isa = PBXCopyFilesBuildPhase;
			buildActionMask = 2147483647;
			dstPath = "";
			dstSubfolderSpec = 10;
			files = (
				DD93188F2F317DEF00C0B82D /* WebRTC.xcframework in Embed Frameworks */,
			);
			name = "Embed Frameworks";
			runOnlyForDeploymentPostprocessing = 0;
		};
/* End PBXCopyFilesBuildPhase section */

/* Begin PBXFileReference section */
		A20000000000000000000001 /* LectureStreamApp.swift */ = {isa = PBXFileReference; lastKnownFileType = sourcecode.swift; path = LectureStreamApp.swift; sourceTree = "<group>"; };
		A20000000000000000000002 /* Models.swift */ = {isa = PBXFileReference; lastKnownFileType = sourcecode.swift; path = Models.swift; sourceTree = "<group>"; };
		A20000000000000000000003 /* APIClient.swift */ = {isa = PBXFileReference; lastKnownFileType = sourcecode.swift; path = APIClient.swift; sourceTree = "<group>"; };
		A20000000000000000000004 /* WebRTCClient.swift */ = {isa = PBXFileReference; lastKnownFileType = sourcecode.swift; path = WebRTCClient.swift; sourceTree = "<group>"; };
		A20000000000000000000005 /* RealtimeClient.swift */ = {isa = PBXFileReference; lastKnownFileType = sourcecode.swift; path = RealtimeClient.swift; sourceTree = "<group>"; };
		A20000000000000000000006 /* LibraryViewModel.swift */ = {isa = PBXFileReference; lastKnownFileType = sourcecode.swift; path = LibraryViewModel.swift; sourceTree = "<group>"; };
		A20000000000000000000007 /* LectureDetailViewModel.swift */ = {isa = PBXFileReference; lastKnownFileType = sourcecode.swift; path = LectureDetailViewModel.swift; sourceTree = "<group>"; };
		A20000000000000000000008 /* PlayerViewModel.swift */ = {isa = PBXFileReference; lastKnownFileType = sourcecode.swift; path = PlayerViewModel.swift; sourceTree = "<group>"; };
		A20000000000000000000009 /* LibraryView.swift */ = {isa = PBXFileReference; lastKnownFileType = sourcecode.swift; path = LibraryView.swift; sourceTree = "<group>"; };
		A20000000000000000000010 /* LectureDetailView.swift */ = {isa = PBXFileReference; lastKnownFileType = sourcecode.swift; path = LectureDetailView.swift; sourceTree = "<group>"; };
		A20000000000000000000011 /* PlayerView.swift */ = {isa = PBXFileReference; lastKnownFileType = sourcecode.swift; path = PlayerView.swift; sourceTree = "<group>"; };
		A20000000000000000000012 /* SettingsView.swift */ = {isa = PBXFileReference; lastKnownFileType = sourcecode.swift; path = SettingsView.swift; sourceTree = "<group>"; };
		A20000000000000000000013 /* SettingsStore.swift */ = {isa = PBXFileReference; lastKnownFileType = sourcecode.swift; path = SettingsStore.swift; sourceTree = "<group>"; };
		A20000000000000000000014 /* AudioSessionManager.swift */ = {isa = PBXFileReference; lastKnownFileType = sourcecode.swift; path = AudioSessionManager.swift; sourceTree = "<group>"; };
		A20000000000000000000015 /* InterruptCoordinator.swift */ = {isa = PBXFileReference; lastKnownFileType = sourcecode.swift; path = InterruptCoordinator.swift; sourceTree = "<group>"; };
		A20000000000000000000016 /* InterruptLectureIntent.swift */ = {isa = PBXFileReference; lastKnownFileType = sourcecode.swift; path = InterruptLectureIntent.swift; sourceTree = "<group>"; };
		A20000000000000000000017 /* Assets.xcassets */ = {isa = PBXFileReference; lastKnownFileType = folder.assetcatalog; path = Assets.xcassets; sourceTree = "<group>"; };
		A20000000000000000000018 /* Info.plist */ = {isa = PBXFileReference; lastKnownFileType = text.plist.xml; path = Info.plist; sourceTree = "<group>"; };
		A20000000000000000000019 /* LectureStream.app */ = {isa = PBXFileReference; explicitFileType = wrapper.application; path = LectureStream.app; sourceTree = BUILT_PRODUCTS_DIR; };
		DD93188C2F317DD900C0B82D /* WebRTC.xcframework */ = {isa = PBXFileReference; lastKnownFileType = wrapper.xcframework; path = WebRTC.xcframework; sourceTree = "<group>"; };
/* End PBXFileReference section */

/* Begin PBXFrameworksBuildPhase section */
		A30000000000000000000001 /* Frameworks */ = {
			isa = PBXFrameworksBuildPhase;
			buildActionMask = 2147483647;
			files = (
				DD93188E2F317DEF00C0B82D /* WebRTC.xcframework in Frameworks */,
			);
			runOnlyForDeploymentPostprocessing = 0;
		};
/* End PBXFrameworksBuildPhase section */

/* Begin PBXGroup section */
		A40000000000000000000001 = {
			isa = PBXGroup;
			children = (
				DD93188C2F317DD900C0B82D /* WebRTC.xcframework */,
				A40000000000000000000002 /* LectureStream */,
				A40000000000000000000003 /* Products */,
			);
			sourceTree = "<group>";
		};
		A40000000000000000000002 /* LectureStream */ = {
			isa = PBXGroup;
			children = (
				A40000000000000000000004 /* Views */,
				A40000000000000000000005 /* ViewModels */,
				A40000000000000000000006 /* Networking */,
				A40000000000000000000007 /* Realtime */,
				A40000000000000000000008 /* Utilities */,
				A40000000000000000000009 /* Intents */,
				A20000000000000000000002 /* Models.swift */,
				A20000000000000000000001 /* LectureStreamApp.swift */,
				A20000000000000000000017 /* Assets.xcassets */,
				A20000000000000000000018 /* Info.plist */,
			);
			path = LectureStream;
			sourceTree = "<group>";
		};
		A40000000000000000000003 /* Products */ = {
			isa = PBXGroup;
			children = (
				A20000000000000000000019 /* LectureStream.app */,
			);
			name = Products;
			sourceTree = "<group>";
		};
		A40000000000000000000004 /* Views */ = {
			isa = PBXGroup;
			children = (
				A20000000000000000000009 /* LibraryView.swift */,
				A20000000000000000000010 /* LectureDetailView.swift */,
				A20000000000000000000011 /* PlayerView.swift */,
				A20000000000000000000012 /* SettingsView.swift */,
			);
			path = Views;
			sourceTree = "<group>";
		};
		A40000000000000000000005 /* ViewModels */ = {
			isa = PBXGroup;
			children = (
				A20000000000000000000006 /* LibraryViewModel.swift */,
				A20000000000000000000007 /* LectureDetailViewModel.swift */,
				A20000000000000000000008 /* PlayerViewModel.swift */,
			);
			path = ViewModels;
			sourceTree = "<group>";
		};
		A40000000000000000000006 /* Networking */ = {
			isa = PBXGroup;
			children = (
				A20000000000000000000003 /* APIClient.swift */,
			);
			path = Networking;
			sourceTree = "<group>";
		};
		A40000000000000000000007 /* Realtime */ = {
			isa = PBXGroup;
			children = (
				A20000000000000000000004 /* WebRTCClient.swift */,
				A20000000000000000000005 /* RealtimeClient.swift */,
			);
			path = Realtime;
			sourceTree = "<group>";
		};
		A40000000000000000000008 /* Utilities */ = {
			isa = PBXGroup;
			children = (
				A20000000000000000000013 /* SettingsStore.swift */,
				A20000000000000000000014 /* AudioSessionManager.swift */,
				A20000000000000000000015 /* InterruptCoordinator.swift */,
			);
			path = Utilities;
			sourceTree = "<group>";
		};
		A40000000000000000000009 /* Intents */ = {
			isa = PBXGroup;
			children = (
				A20000000000000000000016 /* InterruptLectureIntent.swift */,
			);
			path = Intents;
			sourceTree = "<group>";
		};
/* End PBXGroup section */

/* Begin PBXNativeTarget section */
		B20000000000000000000001 /* LectureStream */ = {
			isa = PBXNativeTarget;
			buildConfigurationList = B30000000000000000000001 /* Build configuration list for PBXNativeTarget "LectureStream" */;
			buildPhases = (
				A30000000000000000000002 /* Sources */,
				A30000000000000000000003 /* Resources */,
				A30000000000000000000001 /* Frameworks */,
				DD9318902F317DEF00C0B82D /* Embed Frameworks */,
			);
			buildRules = (
			);
			dependencies = (
			);
			name = LectureStream;
			packageProductDependencies = (
			);
			productName = LectureStream;
			productReference = A20000000000000000000019 /* LectureStream.app */;
			productType = "com.apple.product-type.application";
		};
/* End PBXNativeTarget section */

/* Begin PBXProject section */
		B10000000000000000000001 /* Project object */ = {
			isa = PBXProject;
			attributes = {
				BuildIndependentTargetsInParallel = YES;
				LastUpgradeCheck = 2620;
				TargetAttributes = {
					B20000000000000000000001 = {
						CreatedOnToolsVersion = 15.0;
					};
				};
			};
			buildConfigurationList = B30000000000000000000002 /* Build configuration list for PBXProject "LectureStream" */;
			compatibilityVersion = "Xcode 15.0";
			developmentRegion = en;
			hasScannedForEncodings = 0;
			knownRegions = (
				en,
				Base,
			);
			mainGroup = A40000000000000000000001;
			packageReferences = (
			);
			productRefGroup = A40000000000000000000003 /* Products */;
			projectDirPath = "";
			projectRoot = "";
			targets = (
				B20000000000000000000001 /* LectureStream */,
			);
		};
/* End PBXProject section */

/* Begin PBXResourcesBuildPhase section */
		A30000000000000000000003 /* Resources */ = {
			isa = PBXResourcesBuildPhase;
			buildActionMask = 2147483647;
			files = (
				A10000000000000000000017 /* Assets.xcassets in Resources */,
			);
			runOnlyForDeploymentPostprocessing = 0;
		};
/* End PBXResourcesBuildPhase section */

/* Begin PBXSourcesBuildPhase section */
		A30000000000000000000002 /* Sources */ = {
			isa = PBXSourcesBuildPhase;
			buildActionMask = 2147483647;
			files = (
				A10000000000000000000001 /* LectureStreamApp.swift in Sources */,
				A10000000000000000000002 /* Models.swift in Sources */,
				A10000000000000000000003 /* APIClient.swift in Sources */,
				A10000000000000000000004 /* WebRTCClient.swift in Sources */,
				A10000000000000000000005 /* RealtimeClient.swift in Sources */,
				A10000000000000000000006 /* LibraryViewModel.swift in Sources */,
				A10000000000000000000007 /* LectureDetailViewModel.swift in Sources */,
				A10000000000000000000008 /* PlayerViewModel.swift in Sources */,
				A10000000000000000000009 /* LibraryView.swift in Sources */,
				A10000000000000000000010 /* LectureDetailView.swift in Sources */,
				A10000000000000000000011 /* PlayerView.swift in Sources */,
				A10000000000000000000012 /* SettingsView.swift in Sources */,
				A10000000000000000000013 /* SettingsStore.swift in Sources */,
				A10000000000000000000014 /* AudioSessionManager.swift in Sources */,
				A10000000000000000000015 /* InterruptCoordinator.swift in Sources */,
				A10000000000000000000016 /* InterruptLectureIntent.swift in Sources */,
			);
			runOnlyForDeploymentPostprocessing = 0;
		};
/* End PBXSourcesBuildPhase section */

/* Begin XCBuildConfiguration section */
		B40000000000000000000001 /* Debug */ = {
			isa = XCBuildConfiguration;
			buildSettings = {
				ALWAYS_SEARCH_USER_PATHS = NO;
				ASSETCATALOG_COMPILER_APPICON_NAME = AppIcon;
				CLANG_CXX_LANGUAGE_STANDARD = "gnu++20";
				CLANG_ENABLE_MODULES = YES;
				CLANG_ENABLE_OBJC_ARC = YES;
				CODE_SIGN_IDENTITY = "-";
				"CODE_SIGN_IDENTITY[sdk=iphoneos*]" = "Apple Development";
				"CODE_SIGN_IDENTITY[sdk=macosx*]" = "Apple Development";
				CURRENT_PROJECT_VERSION = 1;
				DEAD_CODE_STRIPPING = YES;
				ENABLE_PREVIEWS = YES;
				GENERATE_INFOPLIST_FILE = NO;
				INFOPLIST_FILE = LectureStream/Info.plist;
				IPHONEOS_DEPLOYMENT_TARGET = 16.0;
				LD_RUNPATH_SEARCH_PATHS = (
					"$(inherited)",
					"@executable_path/Frameworks",
				);
				PRODUCT_BUNDLE_IDENTIFIER = com.example.LectureStream;
				PRODUCT_NAME = "$(TARGET_NAME)";
				SERVER_BASE_URL = "http://localhost:8002";
				SUPPORTED_PLATFORMS = "iphoneos iphonesimulator macosx";
				SUPPORTS_MACCATALYST = NO;
				SWIFT_VERSION = 5.9;
				TARGETED_DEVICE_FAMILY = 1;
			};
			name = Debug;
		};
		B40000000000000000000002 /* Release */ = {
			isa = XCBuildConfiguration;
			buildSettings = {
				ALWAYS_SEARCH_USER_PATHS = NO;
				ASSETCATALOG_COMPILER_APPICON_NAME = AppIcon;
				CLANG_CXX_LANGUAGE_STANDARD = "gnu++20";
				CLANG_ENABLE_MODULES = YES;
				CLANG_ENABLE_OBJC_ARC = YES;
				CODE_SIGN_IDENTITY = "-";
				"CODE_SIGN_IDENTITY[sdk=iphoneos*]" = "Apple Development";
				"CODE_SIGN_IDENTITY[sdk=macosx*]" = "Apple Development";
				CURRENT_PROJECT_VERSION = 1;
				DEAD_CODE_STRIPPING = YES;
				GENERATE_INFOPLIST_FILE = NO;
				INFOPLIST_FILE = LectureStream/Info.plist;
				IPHONEOS_DEPLOYMENT_TARGET = 16.0;
				LD_RUNPATH_SEARCH_PATHS = (
					"$(inherited)",
					"@executable_path/Frameworks",
				);
				PRODUCT_BUNDLE_IDENTIFIER = com.example.LectureStream;
				PRODUCT_NAME = "$(TARGET_NAME)";
				SERVER_BASE_URL = "http://localhost:8002";
				SUPPORTED_PLATFORMS = "iphoneos iphonesimulator macosx";
				SUPPORTS_MACCATALYST = NO;
				SWIFT_VERSION = 5.9;
				TARGETED_DEVICE_FAMILY = 1;
			};
			name = Release;
		};
		B40000000000000000000003 /* Debug */ = {
			isa = XCBuildConfiguration;
			buildSettings = {
				CLANG_ENABLE_MODULES = YES;
				CLANG_WARN_BLOCK_CAPTURE_AUTORELEASING = YES;
				CLANG_WARN_BOOL_CONVERSION = YES;
				CLANG_WARN_COMMA = YES;
				CLANG_WARN_CONSTANT_CONVERSION = YES;
				CLANG_WARN_DEPRECATED_OBJC_IMPLEMENTATIONS = YES;
				CLANG_WARN_EMPTY_BODY = YES;
				CLANG_WARN_ENUM_CONVERSION = YES;
				CLANG_WARN_INFINITE_RECURSION = YES;
				CLANG_WARN_INT_CONVERSION = YES;
				CLANG_WARN_NON_LITERAL_NULL_CONVERSION = YES;
				CLANG_WARN_OBJC_IMPLICIT_RETAIN_SELF = YES;
				CLANG_WARN_OBJC_LITERAL_CONVERSION = YES;
				CLANG_WARN_QUOTED_INCLUDE_IN_FRAMEWORK_HEADER = YES;
				CLANG_WARN_RANGE_LOOP_ANALYSIS = YES;
				CLANG_WARN_STRICT_PROTOTYPES = YES;
				CLANG_WARN_SUSPICIOUS_MOVE = YES;
				CLANG_WARN_UNREACHABLE_CODE = YES;
				CLANG_WARN__DUPLICATE_METHOD_MATCH = YES;
				CODE_SIGN_STYLE = Automatic;
				DEAD_CODE_STRIPPING = YES;
				DEVELOPMENT_TEAM = 5L5VDYPCT3;
				ENABLE_STRICT_OBJC_MSGSEND = YES;
				ENABLE_TESTABILITY = YES;
				ENABLE_USER_SCRIPT_SANDBOXING = YES;
				GCC_NO_COMMON_BLOCKS = YES;
				GCC_WARN_64_TO_32_BIT_CONVERSION = YES;
				GCC_WARN_ABOUT_RETURN_TYPE = YES;
				GCC_WARN_UNDECLARED_SELECTOR = YES;
				GCC_WARN_UNINITIALIZED_AUTOS = YES;
				GCC_WARN_UNUSED_FUNCTION = YES;
				GCC_WARN_UNUSED_VARIABLE = YES;
				ONLY_ACTIVE_ARCH = YES;
				PRODUCT_NAME = "$(TARGET_NAME)";
				STRING_CATALOG_GENERATE_SYMBOLS = YES;
				SWIFT_ACTIVE_COMPILATION_CONDITIONS = DEBUG;
				SWIFT_OPTIMIZATION_LEVEL = "-Onone";
			};
			name = Debug;
		};
		B40000000000000000000004 /* Release */ = {
			isa = XCBuildConfiguration;
			buildSettings = {
				CLANG_ENABLE_MODULES = YES;
				CLANG_WARN_BLOCK_CAPTURE_AUTORELEASING = YES;
				CLANG_WARN_BOOL_CONVERSION = YES;
				CLANG_WARN_COMMA = YES;
				CLANG_WARN_CONSTANT_CONVERSION = YES;
				CLANG_WARN_DEPRECATED_OBJC_IMPLEMENTATIONS = YES;
				CLANG_WARN_EMPTY_BODY = YES;
				CLANG_WARN_ENUM_CONVERSION = YES;
				CLANG_WARN_INFINITE_RECURSION = YES;
				CLANG_WARN_INT_CONVERSION = YES;
				CLANG_WARN_NON_LITERAL_NULL_CONVERSION = YES;
				CLANG_WARN_OBJC_IMPLICIT_RETAIN_SELF = YES;
				CLANG_WARN_OBJC_LITERAL_CONVERSION = YES;
				CLANG_WARN_QUOTED_INCLUDE_IN_FRAMEWORK_HEADER = YES;
				CLANG_WARN_RANGE_LOOP_ANALYSIS = YES;
				CLANG_WARN_STRICT_PROTOTYPES = YES;
				CLANG_WARN_SUSPICIOUS_MOVE = YES;
				CLANG_WARN_UNREACHABLE_CODE = YES;
				CLANG_WARN__DUPLICATE_METHOD_MATCH = YES;
				CODE_SIGN_STYLE = Automatic;
				DEAD_CODE_STRIPPING = YES;
				DEVELOPMENT_TEAM = 5L5VDYPCT3;
				ENABLE_STRICT_OBJC_MSGSEND = YES;
				ENABLE_USER_SCRIPT_SANDBOXING = YES;
				GCC_NO_COMMON_BLOCKS = YES;
				GCC_WARN_64_TO_32_BIT_CONVERSION = YES;
				GCC_WARN_ABOUT_RETURN_TYPE = YES;
				GCC_WARN_UNDECLARED_SELECTOR = YES;
				GCC_WARN_UNINITIALIZED_AUTOS = YES;
				GCC_WARN_UNUSED_FUNCTION = YES;
				GCC_WARN_UNUSED_VARIABLE = YES;
				PRODUCT_NAME = "$(TARGET_NAME)";
				STRING_CATALOG_GENERATE_SYMBOLS = YES;
				SWIFT_COMPILATION_MODE = wholemodule;
				SWIFT_OPTIMIZATION_LEVEL = "-O";
			};
			name = Release;
		};
/* End XCBuildConfiguration section */

/* Begin XCConfigurationList section */
		B30000000000000000000001 /* Build configuration list for PBXNativeTarget "LectureStream" */ = {
			isa = XCConfigurationList;
			buildConfigurations = (
				B40000000000000000000001 /* Debug */,
				B40000000000000000000002 /* Release */,
			);
			defaultConfigurationIsVisible = 0;
			defaultConfigurationName = Release;
		};
		B30000000000000000000002 /* Build configuration list for PBXProject "LectureStream" */ = {
			isa = XCConfigurationList;
			buildConfigurations = (
				B40000000000000000000003 /* Debug */,
				B40000000000000000000004 /* Release */,
			);
			defaultConfigurationIsVisible = 0;
			defaultConfigurationName = Release;
		};
/* End XCConfigurationList section */
	};
	rootObject = B10000000000000000000001 /* Project object */;
}
